# This file was autogenerated by Stack.
# You should not edit this file by hand.
# For more information, please see the documentation at:
#   https://docs.haskellstack.org/en/stable/lock_files

packages: []
snapshots:
- completed:
    size: 586286
    url: https://raw.githubusercontent.com/commercialhaskell/stackage-snapshots/master/lts/18/15.yaml
    sha256: 2c9cb11d7aa0656bf28672dcb2414ab21e3ba9ea83ca170c216b2c2fc7e55856
  original: lts-18.15
